
Microsoft Visual Studio Solution File, Format Version 12.00
# Visual Studio Version 17
VisualStudioVersion = 17.13.35919.96
MinimumVisualStudioVersion = 10.0.40219.1
Project("{8BC9CEB8-8B4A-11D0-8D11-00A0C91BC942}") = "ButtonScanner", "ButtonScanner\ButtonScanner.vcxproj", "{9B2068AC-751D-4620-93F9-9AA7EDBD3303}"
EndProject
Project("{8BC9CEB8-8B4A-11D0-8D11-00A0C91BC942}") = "oso", "oso\oso.vcxproj", "{F6FC6D1B-0E5F-4DD4-9AD7-2B4DB78FE0F7}"
EndProject
Project("{8BC9CEB8-8B4A-11D0-8D11-00A0C91BC942}") = "hoec", "hoec\hoec.vcxproj", "{EE66495A-1D72-484D-9DBA-8F63F9093C07}"
EndProject
Project("{8BC9CEB8-8B4A-11D0-8D11-00A0C91BC942}") = "rqw", "rqw\rqw.vcxproj", "{3057A7D1-A581-4F2C-A364-682F1C5A276E}"
EndProject
Project("{8BC9CEB8-8B4A-11D0-8D11-00A0C91BC942}") = "ime", "ime\ime.vcxproj", "{2458F6BF-7B0A-4CA8-833C-47AB0A353396}"
EndProject
Project("{8BC9CEB8-8B4A-11D0-8D11-00A0C91BC942}") = "cdm", "cdm\cdm.vcxproj", "{6F547121-D09C-4DAA-896F-E71AAE7DEAE4}"
EndProject
Global
	GlobalSection(SolutionConfigurationPlatforms) = preSolution
		Debug|x64 = Debug|x64
		Release|x64 = Release|x64
	EndGlobalSection
	GlobalSection(ProjectConfigurationPlatforms) = postSolution
		{9B2068AC-751D-4620-93F9-9AA7EDBD3303}.Debug|x64.ActiveCfg = Debug|x64
		{9B2068AC-751D-4620-93F9-9AA7EDBD3303}.Debug|x64.Build.0 = Debug|x64
		{9B2068AC-751D-4620-93F9-9AA7EDBD3303}.Release|x64.ActiveCfg = Release|x64
		{9B2068AC-751D-4620-93F9-9AA7EDBD3303}.Release|x64.Build.0 = Release|x64
		{F6FC6D1B-0E5F-4DD4-9AD7-2B4DB78FE0F7}.Debug|x64.ActiveCfg = Debug|x64
		{F6FC6D1B-0E5F-4DD4-9AD7-2B4DB78FE0F7}.Debug|x64.Build.0 = Debug|x64
		{F6FC6D1B-0E5F-4DD4-9AD7-2B4DB78FE0F7}.Release|x64.ActiveCfg = Release|x64
		{F6FC6D1B-0E5F-4DD4-9AD7-2B4DB78FE0F7}.Release|x64.Build.0 = Release|x64
		{EE66495A-1D72-484D-9DBA-8F63F9093C07}.Debug|x64.ActiveCfg = Debug|x64
		{EE66495A-1D72-484D-9DBA-8F63F9093C07}.Debug|x64.Build.0 = Debug|x64
		{EE66495A-1D72-484D-9DBA-8F63F9093C07}.Release|x64.ActiveCfg = Release|x64
		{EE66495A-1D72-484D-9DBA-8F63F9093C07}.Release|x64.Build.0 = Release|x64
		{3057A7D1-A581-4F2C-A364-682F1C5A276E}.Debug|x64.ActiveCfg = Debug|x64
		{3057A7D1-A581-4F2C-A364-682F1C5A276E}.Debug|x64.Build.0 = Debug|x64
		{3057A7D1-A581-4F2C-A364-682F1C5A276E}.Release|x64.ActiveCfg = Release|x64
		{3057A7D1-A581-4F2C-A364-682F1C5A276E}.Release|x64.Build.0 = Release|x64
		{2458F6BF-7B0A-4CA8-833C-47AB0A353396}.Debug|x64.ActiveCfg = Debug|x64
		{2458F6BF-7B0A-4CA8-833C-47AB0A353396}.Debug|x64.Build.0 = Debug|x64
		{2458F6BF-7B0A-4CA8-833C-47AB0A353396}.Release|x64.ActiveCfg = Release|x64
		{2458F6BF-7B0A-4CA8-833C-47AB0A353396}.Release|x64.Build.0 = Release|x64
		{6F547121-D09C-4DAA-896F-E71AAE7DEAE4}.Debug|x64.ActiveCfg = Debug|x64
		{6F547121-D09C-4DAA-896F-E71AAE7DEAE4}.Debug|x64.Build.0 = Debug|x64
		{6F547121-D09C-4DAA-896F-E71AAE7DEAE4}.Release|x64.ActiveCfg = Release|x64
		{6F547121-D09C-4DAA-896F-E71AAE7DEAE4}.Release|x64.Build.0 = Release|x64
	EndGlobalSection
	GlobalSection(SolutionProperties) = preSolution
		HideSolutionNode = FALSE
	EndGlobalSection
	GlobalSection(ExtensibilityGlobals) = postSolution
		SolutionGuid = {528036EC-CB36-47FB-8F81-92ADCC2FBE67}
	EndGlobalSection
EndGlobal
