<?xml version="1.0" encoding="utf-8"?>
<Project ToolsVersion="4.0" xmlns="http://schemas.microsoft.com/developer/msbuild/2003">
  <ItemGroup>
    <Filter Include="Source Files">
      <UniqueIdentifier>{4FC737F1-C7A5-4376-A066-2A32D752A2FF}</UniqueIdentifier>
      <Extensions>qml;cpp;c;cc;cxx;def;odl;idl;hpj;bat;asm;asmx</Extensions>
    </Filter>
    <Filter Include="Header Files">
      <UniqueIdentifier>{93995380-89BD-4b04-88EB-625FBE52EBFB}</UniqueIdentifier>
      <Extensions>h;hh;hpp;hxx;hm;inl;inc;xsd</Extensions>
    </Filter>
    <Filter Include="Resource Files">
      <UniqueIdentifier>{67DA6AB6-F800-4c08-8B7A-83BB121AAD01}</UniqueIdentifier>
      <Extensions>qrc;rc;ico;cur;bmp;dlg;rc2;rct;bin;rgs;gif;jpg;jpeg;jpe;resx;tiff;tif;png;wav;mfcribbon-ms</Extensions>
    </Filter>
    <Filter Include="Form Files">
      <UniqueIdentifier>{99349809-55BA-4b9d-BF79-8FDBB0286EB3}</UniqueIdentifier>
      <Extensions>ui</Extensions>
    </Filter>
    <Filter Include="Translation Files">
      <UniqueIdentifier>{639EADAA-A684-42e4-A9AD-28FC9BCB8F7C}</UniqueIdentifier>
      <Extensions>ts</Extensions>
    </Filter>
    <Filter Include="lib">
      <UniqueIdentifier>{809308b8-9607-4175-b874-c7fb59ae4870}</UniqueIdentifier>
    </Filter>
    <Filter Include="image">
      <UniqueIdentifier>{2931e0e0-c7e5-437b-949d-bc0835e2122c}</UniqueIdentifier>
    </Filter>
  </ItemGroup>
  <ItemGroup>
    <QtRcc Include="ButtonScanner.qrc">
      <Filter>Resource Files</Filter>
    </QtRcc>
    <QtUic Include="ButtonScanner.ui">
      <Filter>Form Files</Filter>
    </QtUic>
    <QtMoc Include="ButtonScanner.h">
      <Filter>Header Files</Filter>
    </QtMoc>
    <ClCompile Include="ButtonScanner.cpp">
      <Filter>Source Files</Filter>
    </ClCompile>
    <ClInclude Include="stdafx.h">
      <Filter>Header Files</Filter>
    </ClInclude>
    <ClCompile Include="stdafx.cpp">
      <Filter>Source Files</Filter>
    </ClCompile>
  </ItemGroup>
  <ItemGroup>
    <ClCompile Include="main.cpp">
      <Filter>Source Files</Filter>
    </ClCompile>
    <ClCompile Include="DlgProductSet.cpp">
      <Filter>Source Files</Filter>
    </ClCompile>
    <ClCompile Include="DlgProduceLineSet.cpp">
      <Filter>Source Files</Filter>
    </ClCompile>
    <ClCompile Include="GlobalStruct.cpp">
      <Filter>Source Files</Filter>
    </ClCompile>
    <ClCompile Include="ImageProcessorModule.cpp">
      <Filter>Source Files</Filter>
    </ClCompile>
    <ClCompile Include="NumKeyBord.cpp">
      <Filter>Source Files</Filter>
    </ClCompile>
  </ItemGroup>
  <ItemGroup>
    <QtMoc Include="DlgProductSet.h">
      <Filter>Header Files</Filter>
    </QtMoc>
    <QtMoc Include="DlgProduceLineSet.h">
      <Filter>Header Files</Filter>
    </QtMoc>
    <QtMoc Include="GlobalStruct.h">
      <Filter>Header Files</Filter>
    </QtMoc>
    <QtMoc Include="ImageProcessorModule.h">
      <Filter>Header Files</Filter>
    </QtMoc>
    <QtMoc Include="NumKeyBord.h">
      <Filter>Header Files</Filter>
    </QtMoc>
  </ItemGroup>
  <ItemGroup>
    <QtUic Include="DlgProductSet.ui">
      <Filter>Form Files</Filter>
    </QtUic>
    <QtUic Include="DlgProduceLineSet.ui">
      <Filter>Form Files</Filter>
    </QtUic>
  </ItemGroup>
  <ItemGroup>
    <Library Include="..\ThirdLibrary\MVS\Libraries\windows64\MvCameraControl.lib">
      <Filter>lib</Filter>
    </Library>
  </ItemGroup>
  <ItemGroup>
    <Image Include="image\product.png">
      <Filter>image</Filter>
    </Image>
  </ItemGroup>
  <ItemGroup>
    <ClInclude Include="ThreadSafePriorityQueue.h">
      <Filter>Header Files</Filter>
    </ClInclude>
  </ItemGroup>
</Project>