<?xml version="1.0" encoding="utf-8"?>
<Project ToolsVersion="4.0" xmlns="http://schemas.microsoft.com/developer/msbuild/2003">
  <ItemGroup>
    <Filter Include="Source Files">
      <UniqueIdentifier>{4FC737F1-C7A5-4376-A066-2A32D752A2FF}</UniqueIdentifier>
      <Extensions>qml;cpp;c;cc;cxx;def;odl;idl;hpj;bat;asm;asmx</Extensions>
    </Filter>
    <Filter Include="Header Files">
      <UniqueIdentifier>{93995380-89BD-4b04-88EB-625FBE52EBFB}</UniqueIdentifier>
      <Extensions>h;hh;hpp;hxx;hm;inl;inc;xsd</Extensions>
    </Filter>
    <Filter Include="Resource Files">
      <UniqueIdentifier>{67DA6AB6-F800-4c08-8B7A-83BB121AAD01}</UniqueIdentifier>
      <Extensions>qrc;rc;ico;cur;bmp;dlg;rc2;rct;bin;rgs;gif;jpg;jpeg;jpe;resx;tiff;tif;png;wav;mfcribbon-ms</Extensions>
    </Filter>
    <Filter Include="Form Files">
      <UniqueIdentifier>{99349809-55BA-4b9d-BF79-8FDBB0286EB3}</UniqueIdentifier>
      <Extensions>ui</Extensions>
    </Filter>
    <Filter Include="Translation Files">
      <UniqueIdentifier>{639EADAA-A684-42e4-A9AD-28FC9BCB8F7C}</UniqueIdentifier>
      <Extensions>ts</Extensions>
    </Filter>
    <Filter Include="lib">
      <UniqueIdentifier>{809308b8-9607-4175-b874-c7fb59ae4870}</UniqueIdentifier>
    </Filter>
    <Filter Include="image">
      <UniqueIdentifier>{2931e0e0-c7e5-437b-949d-bc0835e2122c}</UniqueIdentifier>
    </Filter>
    <Filter Include="Header Files\ui">
      <UniqueIdentifier>{a23448d4-07ec-4e73-97eb-c943a1a466b4}</UniqueIdentifier>
    </Filter>
    <Filter Include="Source Files\ui">
      <UniqueIdentifier>{2e00b73c-e1ed-4934-873c-86ae8a442592}</UniqueIdentifier>
    </Filter>
    <Filter Include="Header Files\DetachThread">
      <UniqueIdentifier>{3c38a4d6-5c39-4a48-992f-df07f518b253}</UniqueIdentifier>
    </Filter>
    <Filter Include="Source Files\DetachThread">
      <UniqueIdentifier>{d08aaaa7-ddc0-459b-832b-e381f4ea514e}</UniqueIdentifier>
    </Filter>
    <Filter Include="Header Files\func">
      <UniqueIdentifier>{a5b39155-9634-42e3-9deb-f4544939c2e9}</UniqueIdentifier>
    </Filter>
    <Filter Include="Source Files\func">
      <UniqueIdentifier>{c6f9cdf0-db70-47aa-af27-a7badf953df5}</UniqueIdentifier>
    </Filter>
    <Filter Include="Header Files\data">
      <UniqueIdentifier>{a68778f5-a483-4e04-ab3a-21e57c51f97b}</UniqueIdentifier>
    </Filter>
    <Filter Include="Source Files\data">
      <UniqueIdentifier>{007570f2-1d74-473f-9a8f-f5ddd8389dc0}</UniqueIdentifier>
    </Filter>
  </ItemGroup>
  <ItemGroup>
    <QtRcc Include="ButtonScanner.qrc">
      <Filter>Resource Files</Filter>
    </QtRcc>
    <QtUic Include="ButtonScanner.ui">
      <Filter>Form Files</Filter>
    </QtUic>
    <ClInclude Include="stdafx.h">
      <Filter>Header Files</Filter>
    </ClInclude>
    <ClCompile Include="stdafx.cpp">
      <Filter>Source Files</Filter>
    </ClCompile>
  </ItemGroup>
  <ItemGroup>
    <ClCompile Include="main.cpp">
      <Filter>Source Files</Filter>
    </ClCompile>
    <ClCompile Include="ButtonScanner.cpp">
      <Filter>Source Files\ui</Filter>
    </ClCompile>
    <ClCompile Include="DlgExposureTimeSet.cpp">
      <Filter>Source Files\ui</Filter>
    </ClCompile>
    <ClCompile Include="DlgProduceLineSet.cpp">
      <Filter>Source Files\ui</Filter>
    </ClCompile>
    <ClCompile Include="DlgProductSet.cpp">
      <Filter>Source Files\ui</Filter>
    </ClCompile>
    <ClCompile Include="StatisticalInfoComputingThread.cpp">
      <Filter>Source Files\DetachThread</Filter>
    </ClCompile>
    <ClCompile Include="MonitorCameraAndCardStateThread.cpp">
      <Filter>Source Files\DetachThread</Filter>
    </ClCompile>
    <ClCompile Include="LoadingDialog.cpp">
      <Filter>Source Files\ui</Filter>
    </ClCompile>
    <ClCompile Include="GlobalStruct.cpp">
      <Filter>Source Files\data</Filter>
    </ClCompile>
    <ClCompile Include="ImageProcessorModule.cpp">
      <Filter>Source Files\func</Filter>
    </ClCompile>
    <ClCompile Include="DlgNewProduction.cpp">
      <Filter>Source Files\ui</Filter>
    </ClCompile>
    <ClCompile Include="ButtonUtilty.cpp">
      <Filter>Source Files\func</Filter>
    </ClCompile>
    <ClCompile Include="ModelStorageManager.cpp">
      <Filter>Header Files\func</Filter>
    </ClCompile>
    <ClCompile Include="ModelStorageManager.cpp">
      <Filter>Source Files\func</Filter>
    </ClCompile>
    <ClCompile Include="AiTrainModule.cpp">
      <Filter>Source Files\DetachThread</Filter>
    </ClCompile>
    <ClCompile Include="PicturesViewer.cpp">
      <Filter>Source Files\ui</Filter>
    </ClCompile>
    <ClCompile Include="DlgModelManager.cpp">
      <Filter>Source Files\ui</Filter>
    </ClCompile>
    <ClCompile Include="DlgHideScoreSet.cpp">
      <Filter>Source Files\ui</Filter>
    </ClCompile>
    <ClCompile Include="NumberKeyboard.cpp">
      <Filter>Source Files\ui</Filter>
    </ClCompile>
  </ItemGroup>
  <ItemGroup>
    <QtMoc Include="ButtonScanner.h">
      <Filter>Header Files\ui</Filter>
    </QtMoc>
    <QtMoc Include="DlgExposureTimeSet.h">
      <Filter>Header Files\ui</Filter>
    </QtMoc>
    <QtMoc Include="DlgProduceLineSet.h">
      <Filter>Header Files\ui</Filter>
    </QtMoc>
    <QtMoc Include="DlgProductSet.h">
      <Filter>Header Files\ui</Filter>
    </QtMoc>
    <QtMoc Include="StatisticalInfoComputingThread.h">
      <Filter>Header Files\DetachThread</Filter>
    </QtMoc>
    <QtMoc Include="MonitorCameraAndCardStateThread.h">
      <Filter>Header Files\DetachThread</Filter>
    </QtMoc>
    <QtMoc Include="LoadingDialog.h">
      <Filter>Header Files\ui</Filter>
    </QtMoc>
    <QtMoc Include="ImageProcessorModule.h">
      <Filter>Header Files\func</Filter>
    </QtMoc>
    <QtMoc Include="GlobalStruct.h">
      <Filter>Header Files\data</Filter>
    </QtMoc>
    <QtMoc Include="DlgNewProduction.h">
      <Filter>Header Files\ui</Filter>
    </QtMoc>
    <QtMoc Include="ModelStorageManager.h">
      <Filter>Header Files\func</Filter>
    </QtMoc>
    <QtMoc Include="AiTrainModule.h">
      <Filter>Header Files\DetachThread</Filter>
    </QtMoc>
    <QtMoc Include="PicturesViewer.h">
      <Filter>Header Files\ui</Filter>
    </QtMoc>
    <QtMoc Include="DlgModelManager.h">
      <Filter>Header Files\ui</Filter>
    </QtMoc>
    <QtMoc Include="DlgHideScoreSet.h">
      <Filter>Header Files\ui</Filter>
    </QtMoc>
    <QtMoc Include="NumberKeyboard.h">
      <Filter>Header Files\ui</Filter>
    </QtMoc>
  </ItemGroup>
  <ItemGroup>
    <QtUic Include="DlgProductSet.ui">
      <Filter>Form Files</Filter>
    </QtUic>
    <QtUic Include="DlgProduceLineSet.ui">
      <Filter>Form Files</Filter>
    </QtUic>
    <QtUic Include="DlgExposureTimeSet.ui">
      <Filter>Form Files</Filter>
    </QtUic>
    <QtUic Include="LoadingDialog.ui">
      <Filter>Form Files</Filter>
    </QtUic>
    <QtUic Include="DlgNewProduction.ui">
      <Filter>Form Files</Filter>
    </QtUic>
    <QtUic Include="PicturesViewer.ui">
      <Filter>Form Files</Filter>
    </QtUic>
    <QtUic Include="DlgModelManager.ui">
      <Filter>Form Files</Filter>
    </QtUic>
    <QtUic Include="DlgHideScoreSet.ui">
      <Filter>Form Files</Filter>
    </QtUic>
    <QtUic Include="NumberKeyboard.ui">
      <Filter>Form Files</Filter>
    </QtUic>
  </ItemGroup>
  <ItemGroup>
    <Library Include="..\ThirdLibrary\MVS\Libraries\windows64\MvCameraControl.lib">
      <Filter>lib</Filter>
    </Library>
  </ItemGroup>
  <ItemGroup>
    <Image Include="image\product.png">
      <Filter>image</Filter>
    </Image>
    <Image Include="image\close.png">
      <Filter>image</Filter>
    </Image>
    <Image Include="image\exit.png">
      <Filter>image</Filter>
    </Image>
  </ItemGroup>
  <ItemGroup>
    <ClInclude Include="ThreadSafePriorityQueue.h">
      <Filter>Header Files</Filter>
    </ClInclude>
    <ClInclude Include="ButtonUtilty.h">
      <Filter>Header Files\data</Filter>
    </ClInclude>
  </ItemGroup>
</Project>